<?xml version="1.0" encoding="UTF-8" standalone="yes" ?>
<CodeBlocks_project_file>
	<FileVersion major="1" minor="6" />
	<Project>
		<Option title="test" />
		<Option pch_mode="2" />
		<Option compiler="gcc" />
		<Build>
			<Target title="debug-win-gcc-x64">
				<Option platforms="Windows;" />
				<Option output="bin/debug-win-gcc-x64/test" prefix_auto="1" extension_auto="1" />
				<Option object_output="obj/debug-win-gcc-x64/" />
				<Option type="1" />
				<Option compiler="gcc" />
				<Compiler>
					<Add option="-Wextra" />
					<Add option="-Wall" />
					<Add option="-std=c++14" />
					<Add option="-pg" />
					<Add option="-g" />
					<Add option="-Og" />
					<Add option="-fexceptions" />
					<Add directory="D:/cpp/boost_1_60_0" />
					<Add directory="include" />
				</Compiler>
				<Linker>
					<Add option="-pg -lgmon" />
					<Add option="-pg" />
					<Add library="boost_system-mt-d.dll" />
					<Add library="boost_thread-mt-d.dll" />
					<Add library="D:/cpp/jemalloc-4.0.4/lib/jemalloc_s.lib" />
					<Add directory="D:/cpp/boost_1_60_0/stage/gcc64/lib" />
					<Add directory="../bin/debug-win-gcc-x64" />
				</Linker>
			</Target>
			<Target title="release-win-gcc-x64">
				<Option platforms="Windows;" />
				<Option output="bin/release-win-gcc-x64/test" prefix_auto="1" extension_auto="1" />
				<Option object_output="obj/release-win-gcc-x64/" />
				<Option type="1" />
				<Option compiler="gcc" />
				<Compiler>
					<Add option="-O2" />
					<Add option="-std=c++14" />
					<Add option="-fno-exceptions" />
					<Add option="-fno-rtti" />
					<Add option="-mtune=native" />
					<Add directory="D:/cpp/boost_1_60_0" />
					<Add directory="include" />
				</Compiler>
				<Linker>
					<Add option="-s" />
					<Add library="boost_system-mt.dll" />
					<Add library="boost_thread-mt.dll" />
					<Add directory="D:/cpp/boost_1_60_0/stage/gcc64/lib" />
					<Add directory="../bin/release-win-gcc-x64" />
				</Linker>
			</Target>
			<Target title="debug-unix-gcc-amd64">
				<Option platforms="Unix;" />
				<Option output="bin/debug-unix-gcc-amd64/test" prefix_auto="1" extension_auto="1" />
				<Option object_output="obj/debug-unix-gcc-amd64/" />
				<Option type="1" />
				<Option compiler="gcc" />
				<Compiler>
					<Add option="-fexpensive-optimizations" />
					<Add option="-std=c++11" />
					<Add option="-Wall" />
					<Add option="-g" />
					<Add option="-Og" />
					<Add directory="include" />
				</Compiler>
				<Linker>
					<Add library="boost_system" />
					<Add library="boost_thread" />
					<Add library="pthread" />
					<Add directory="../bin/debug-gcc-unix-amd64" />
				</Linker>
			</Target>
			<Target title="release-unix-gcc-amd64">
				<Option platforms="Unix;" />
				<Option output="bin/release-unix-gcc-amd64/test" prefix_auto="1" extension_auto="1" />
				<Option object_output="obj/release-unix-gcc-amd64/" />
				<Option type="1" />
				<Option compiler="gcc" />
				<Compiler>
					<Add option="-O2" />
					<Add option="-Wall" />
					<Add option="-std=c++14" />
					<Add option="-fno-rtti" />
					<Add option="-fno-exceptions" />
					<Add option="-DNDEBUG" />
					<Add directory="include" />
				</Compiler>
				<Linker>
					<Add option="-s" />
					<Add library="boost_system" />
					<Add library="boost_thread" />
					<Add library="pthread" />
					<Add directory="../bin/release-gcc-unix-amd64" />
				</Linker>
			</Target>
			<Target title="release-clang-unix-amd64">
				<Option platforms="Unix;" />
				<Option output="bin/release-clang-unix-amd64/test" prefix_auto="1" extension_auto="1" />
				<Option object_output="obj/release-clang-unix-amd64" />
				<Option type="1" />
				<Option compiler="clang" />
				<Compiler>
					<Add option="-O3" />
					<Add option="-O2" />
					<Add option="-m64" />
					<Add option="-fexpensive-optimizations" />
					<Add option="-fno-exceptions" />
					<Add option="-fno-rtti" />
					<Add option="-std=gnu++14" />
					<Add option="-mtune=native" />
					<Add directory="include" />
				</Compiler>
				<Linker>
					<Add option="-m64" />
					<Add library="boost_atomic" />
					<Add library="boost_system" />
					<Add library="boost_thread" />
					<Add library="pthread" />
					<Add directory="../bin/release-clang-unix-amd64" />
				</Linker>
			</Target>
		</Build>
		<Compiler>
			<Add option="-Wall" />
			<Add option="-DBOOST_SYSTEM_NO_DEPRECATED" />
			<Add directory="../include" />
		</Compiler>
		<Linker>
			<Add library="small_object" />
		</Linker>
		<Unit filename="main.cpp" />
		<Extensions>
			<code_completion />
			<envvars />
			<debugger />
			<lib_finder disable_auto="1" />
		</Extensions>
	</Project>
</CodeBlocks_project_file>
