<?xml version="1.0" encoding="UTF-8" standalone="yes" ?>
<CodeBlocks_project_file>
	<FileVersion major="1" minor="6" />
	<Project>
		<Option title="test" />
		<Option pch_mode="2" />
		<Option compiler="gcc" />
		<Build>
			<Target title="debug-win-gcc-x64">
				<Option output="bin/debug-win-gcc-x64/test" prefix_auto="1" extension_auto="1" />
				<Option object_output="obj/debug-win-gcc-x64/" />
				<Option type="1" />
				<Option compiler="gcc" />
				<Compiler>
					<Add option="-Wall" />
					<Add option="-std=c++0x" />
					<Add option="-pg" />
					<Add option="-g" />
					<Add directory="D:/cpp/boost_1_60_0" />
				</Compiler>
				<Linker>
					<Add option="-pg -lgmon" />
					<Add library="boost_system-mt-d.dll" />
					<Add library="boost_thread-mt-d.dll" />
					<Add directory="D:/cpp/boost_1_60_0/stage/gcc64/lib" />
					<Add directory="../bin/debug-win-gcc-x64" />
				</Linker>
			</Target>
			<Target title="release-win-gcc-x64">
				<Option output="bin/release-win-gcc-x64/test" prefix_auto="1" extension_auto="1" />
				<Option object_output="obj/release-win-gcc-x64/" />
				<Option type="1" />
				<Option compiler="gcc" />
				<Compiler>
					<Add option="-O3" />
					<Add option="-std=c++14" />
					<Add directory="D:/cpp/boost_1_60_0" />
				</Compiler>
				<Linker>
					<Add option="-s" />
					<Add library="boost_system-mt.dll" />
					<Add library="boost_thread-mt.dll" />
					<Add directory="D:/cpp/boost_1_60_0/stage/gcc64/lib" />
					<Add directory="../bin/relase-win-gcc-x64" />
				</Linker>
			</Target>
		</Build>
		<Compiler>
			<Add option="-Wall" />
			<Add option="-fexceptions" />
			<Add directory="../include" />
		</Compiler>
		<Linker>
			<Add library="small_object" />
		</Linker>
		<Unit filename="main.cpp" />
		<Extensions>
			<code_completion />
			<envvars />
			<debugger />
			<lib_finder disable_auto="1" />
		</Extensions>
	</Project>
</CodeBlocks_project_file>
