<?xml version="1.0" encoding="UTF-8" standalone="yes" ?>
<CodeBlocks_project_file>
	<FileVersion major="1" minor="6" />
	<Project>
		<Option title="small_object" />
		<Option pch_mode="2" />
		<Option compiler="gcc" />
		<Build>
			<Target title="debug-win-gcc-x64">
				<Option platforms="Windows;" />
				<Option output="bin/debug-win-gcc-x64/small_object" prefix_auto="1" extension_auto="1" />
				<Option working_dir="bin/debug-win-gcc-x64" />
				<Option object_output="obj/relase-win-gcc-x64/" />
				<Option type="3" />
				<Option compiler="gcc" />
				<Option createDefFile="1" />
				<Compiler>
					<Add option="-fexpensive-optimizations" />
					<Add option="-O3" />
					<Add option="-std=c++0x" />
					<Add option="-Wextra" />
					<Add option="-Wall" />
					<Add option="-g" />
					<Add option="-Og" />
					<Add option="-fexceptions" />
					<Add directory="include" />
					<Add directory="D:/cpp/boost_1_60_0" />
					<Add directory="include/win" />
				</Compiler>
				<Linker>
					<Add library="boost_system-mt-d.dll" />
					<Add library="boost_thread-mt-d.dll" />
					<Add directory="D:/cpp/boost_1_60_0/stage/gcc64/lib" />
				</Linker>
			</Target>
			<Target title="release-win-gcc-x64">
				<Option platforms="Windows;" />
				<Option output="bin/release-win-gcc-x64/small_object" prefix_auto="1" extension_auto="1" />
				<Option working_dir="bin/release-win-gcc-x64" />
				<Option object_output="obj/release-win-gcc-x64/" />
				<Option type="3" />
				<Option compiler="gcc" />
				<Option createDefFile="1" />
				<Compiler>
					<Add option="-fexpensive-optimizations" />
					<Add option="-O3" />
					<Add option="-std=c++11" />
					<Add option="-Wall" />
					<Add option="-fno-exceptions" />
					<Add option="-fno-rtti" />
					<Add directory="include" />
					<Add directory="D:/cpp/boost_1_60_0" />
					<Add directory="include/win" />
				</Compiler>
				<Linker>
					<Add option="-flto" />
					<Add library="boost_system-mt.dll" />
					<Add library="boost_thread-mt.dll" />
					<Add library="boost_exception-mt" />
					<Add directory="D:/cpp/boost_1_60_0/stage/gcc64/lib" />
				</Linker>
			</Target>
			<Target title="debug-gcc-unix-amd64">
				<Option platforms="Unix;" />
				<Option output="bin/debug-gcc-unix-amd64/small_object" prefix_auto="1" extension_auto="1" />
				<Option working_dir="" />
				<Option object_output="obj/debug-gcc-unix-amd64" />
				<Option type="2" />
				<Option compiler="gcc" />
				<Option createDefFile="1" />
				<Compiler>
					<Add option="-std=c++11" />
					<Add option="-Wall" />
					<Add option="-pg" />
					<Add option="-g" />
					<Add option="-std=gnu++14" />
					<Add option="-Og" />
					<Add directory="include" />
				</Compiler>
				<Linker>
					<Add option="-pg" />
					<Add library="boost_system" />
					<Add library="boost_thread" />
				</Linker>
			</Target>
			<Target title=" release-win-gcc-x64-static">
				<Option platforms="Windows;" />
				<Option output="bin/ release-win-gcc-x64-static/small_object" prefix_auto="1" extension_auto="1" />
				<Option working_dir="" />
				<Option object_output="obj/release-win-gcc-x64-static/" />
				<Option type="2" />
				<Option compiler="gcc" />
				<Option createDefFile="1" />
				<Compiler>
					<Add option="-fexpensive-optimizations" />
					<Add option="-O3" />
					<Add option="-Wall" />
					<Add option="-std=c++14" />
					<Add option="-fno-exceptions" />
					<Add option="-fno-rtti" />
					<Add directory="include" />
					<Add directory="D:/cpp/boost_1_60_0" />
					<Add directory="include/win" />
				</Compiler>
				<Linker>
					<Add library="boost_system-mt.dll" />
					<Add library="boost_thread-mt.dll" />
					<Add library="boost_exception-mt" />
					<Add directory="D:/cpp/boost_1_60_0/stage/gcc64/lib" />
				</Linker>
			</Target>
			<Target title="release-gcc-unix-amd64">
				<Option platforms="Unix;" />
				<Option output="bin/release-gcc-unix-amd64/small_object" prefix_auto="1" extension_auto="1" />
				<Option working_dir="" />
				<Option object_output="obj/release-gcc-unix-amd64" />
				<Option type="2" />
				<Option compiler="gcc" />
				<Option createDefFile="1" />
				<Compiler>
					<Add option="-fexpensive-optimizations" />
					<Add option="-O3" />
					<Add option="-Wextra" />
					<Add option="-Wall" />
					<Add option="-fno-exceptions" />
					<Add option="-fno-rtti" />
					<Add option="-std=gnu++14" />
					<Add directory="include" />
				</Compiler>
				<Linker>
					<Add library="boost_system" />
					<Add library="boost_thread" />
				</Linker>
			</Target>
			<Target title="release-clang-unix-amd64">
				<Option platforms="Unix;" />
				<Option output="bin/release-clang-unix-amd64/small_object" prefix_auto="1" extension_auto="1" />
				<Option working_dir="bin/release-clang-unix-amd64" />
				<Option object_output="obj/release-clang-unix-amd64" />
				<Option type="3" />
				<Option compiler="clang" />
				<Option createDefFile="1" />
				<Option projectCompilerOptionsRelation="1" />
				<Compiler>
					<Add option="-O3" />
					<Add option="-std=c++14" />
					<Add option="-emit-llvm" />
					<Add option="-fno-exceptions" />
					<Add option="-fno-rtti" />
					<Add directory="include" />
				</Compiler>
				<Linker>
					<Add library="boost_system" />
					<Add library="boost_thread" />
				</Linker>
			</Target>
		</Build>
		<Unit filename="include/nb_forward_list.hpp" />
		<Unit filename="include/object.hpp" />
		<Unit filename="include/spinlock.hpp" />
		<Unit filename="include/sys_allocator.hpp" />
		<Unit filename="include/win/heapallocator.hpp">
			<Option target="debug-win-gcc-x64" />
			<Option target="release-win-gcc-x64" />
			<Option target=" release-win-gcc-x64-static" />
		</Unit>
		<Unit filename="src/object.cpp" />
		<Unit filename="src/win/heapallocator.cpp">
			<Option target="debug-win-gcc-x64" />
			<Option target="release-win-gcc-x64" />
			<Option target=" release-win-gcc-x64-static" />
		</Unit>
		<Extensions>
			<code_completion />
			<envvars />
			<debugger />
			<lib_finder disable_auto="1" />
		</Extensions>
	</Project>
</CodeBlocks_project_file>
