<?xml version="1.0" encoding="UTF-8" standalone="yes" ?>
<CodeBlocks_project_file>
	<FileVersion major="1" minor="6" />
	<Project>
		<Option title="small_object" />
		<Option pch_mode="2" />
		<Option compiler="gcc" />
		<Build>
			<Target title="debug-win-gcc-x64">
				<Option platforms="Windows;" />
				<Option output="bin/debug-win-gcc-x64/small_object" prefix_auto="1" extension_auto="1" />
				<Option working_dir="bin/debug-win-gcc-x64" />
				<Option object_output="obj/relase-win-gcc-x64/" />
				<Option type="3" />
				<Option compiler="gcc" />
				<Option createDefFile="1" />
				<Option createStaticLib="1" />
				<Compiler>
					<Add option="-Wextra" />
					<Add option="-Wall" />
					<Add option="-std=c++14" />
					<Add option="-pg" />
					<Add option="-g" />
					<Add option="-Og" />
					<Add option="-fexceptions" />
					<Add option="-DSO_DLL" />
					<Add option="-DBUILD_DLL" />
					<Add directory="include" />
					<Add directory="D:/cpp/boost_1_60_0" />
					<Add directory="include/win" />
				</Compiler>
				<Linker>
					<Add option="-pg -lgmon" />
					<Add library="boost_system-mt-d.dll" />
					<Add library="boost_thread-mt-d.dll" />
					<Add directory="D:/cpp/boost_1_60_0/stage/gcc64/lib" />
				</Linker>
			</Target>
			<Target title="release-win-gcc-x64">
				<Option platforms="Windows;" />
				<Option output="bin/release-win-gcc-x64/small_object.a" prefix_auto="1" extension_auto="0" />
				<Option working_dir="" />
				<Option object_output="obj/release-win-gcc-x64/" />
				<Option type="2" />
				<Option compiler="gcc" />
				<Option createDefFile="1" />
				<Compiler>
					<Add option="-Wall" />
					<Add option="-std=c++14" />
					<Add option="-fno-exceptions" />
					<Add option="-fno-rtti" />
					<Add option="-mtune=native" />
					<Add option="-Ofast" />
					<Add directory="include" />
					<Add directory="D:/cpp/boost_1_60_0" />
					<Add directory="include/win" />
				</Compiler>
				<Linker>
					<Add option="-s" />
					<Add library="boost_system-mt.dll" />
					<Add library="boost_thread-mt.dll" />
					<Add directory="D:/cpp/boost_1_60_0/stage/gcc64/lib" />
				</Linker>
			</Target>
			<Target title="debug-gcc-unix-amd64">
				<Option platforms="Unix;" />
				<Option output="bin/debug-gcc-unix-amd64/small_object" prefix_auto="1" extension_auto="1" />
				<Option working_dir="" />
				<Option object_output="obj/debug-gcc-unix-amd64" />
				<Option type="2" />
				<Option compiler="gcc" />
				<Option createDefFile="1" />
				<Compiler>
					<Add option="-Wall" />
					<Add option="-std=c++11" />
					<Add option="-pg" />
					<Add option="-g" />
					<Add option="-Og" />
					<Add directory="include" />
					<Add directory="include/posix" />
				</Compiler>
				<Linker>
					<Add option="-pg" />
					<Add library="boost_system" />
					<Add library="boost_thread" />
				</Linker>
			</Target>
			<Target title="release-gcc-unix-amd64">
				<Option platforms="Unix;" />
				<Option output="bin/release-gcc-unix-amd64/small_object" prefix_auto="1" extension_auto="1" />
				<Option working_dir="" />
				<Option object_output="obj/release-gcc-unix-amd64" />
				<Option type="2" />
				<Option compiler="gcc" />
				<Option createDefFile="1" />
				<Compiler>
					<Add option="-Wall" />
					<Add option="-fno-exceptions" />
					<Add option="-fno-rtti" />
					<Add option="-std=gnu++14" />
					<Add option="-mtune=native" />
					<Add option="-Ofast" />
					<Add option="-DNDEBUG" />
					<Add directory="include" />
					<Add directory="include/posix" />
				</Compiler>
				<Linker>
					<Add option="-s" />
					<Add library="boost_system" />
					<Add library="boost_thread" />
				</Linker>
			</Target>
			<Target title="release-clang-unix-amd64">
				<Option platforms="Unix;" />
				<Option output="bin/release-clang-unix-amd64/small_object" prefix_auto="1" extension_auto="1" />
				<Option working_dir="" />
				<Option object_output="obj/release-clang-unix-amd64" />
				<Option type="2" />
				<Option compiler="clang" />
				<Option createDefFile="1" />
				<Option projectCompilerOptionsRelation="1" />
				<Compiler>
					<Add option="-ftls-model=local-dynamic" />
					<Add option="-fsanitize=thread" />
					<Add option="-O3" />
					<Add option="-std=c++14" />
					<Add option="-fno-rtti" />
					<Add directory="include" />
					<Add directory="include/posix" />
				</Compiler>
				<Linker>
					<Add option="-fsanitize=thread" />
					<Add option="-s" />
					<Add library="boost_atomic" />
					<Add library="boost_system" />
					<Add library="boost_thread" />
				</Linker>
			</Target>
		</Build>
		<Compiler>
			<Add option="-DBOOST_SYSTEM_NO_DEPRECATED" />
		</Compiler>
		<Unit filename="include/arena.hpp" />
		<Unit filename="include/chunk.hpp" />
		<Unit filename="include/config.hpp" />
		<Unit filename="include/critical_section.hpp" />
		<Unit filename="include/lockfreelist.hpp" />
		<Unit filename="include/mutex_critical_section.hpp" />
		<Unit filename="include/noncopyable.hpp" />
		<Unit filename="include/object.hpp" />
		<Unit filename="include/object_allocator.hpp" />
		<Unit filename="include/pool.hpp" />
		<Unit filename="include/posix/pthrrwlock.hpp" />
		<Unit filename="include/posix/spinlock.hpp">
			<Option target="debug-gcc-unix-amd64" />
			<Option target="release-gcc-unix-amd64" />
			<Option target="release-clang-unix-amd64" />
		</Unit>
		<Unit filename="include/posix/xallocator.hpp">
			<Option target="debug-gcc-unix-amd64" />
			<Option target="release-gcc-unix-amd64" />
			<Option target="release-clang-unix-amd64" />
		</Unit>
		<Unit filename="include/range_map.hpp" />
		<Unit filename="include/rw_barrier.hpp" />
		<Unit filename="include/shared_mutex_rwb.hpp" />
		<Unit filename="include/sys_allocator.hpp" />
		<Unit filename="include/win/criticalsection.hpp">
			<Option target="debug-win-gcc-x64" />
			<Option target="release-win-gcc-x64" />
		</Unit>
		<Unit filename="include/win/heapallocator.hpp">
			<Option target="debug-win-gcc-x64" />
			<Option target="release-win-gcc-x64" />
		</Unit>
		<Unit filename="include/win/srwlock.hpp">
			<Option target="debug-win-gcc-x64" />
			<Option target="release-win-gcc-x64" />
			<Option target="debug-gcc-unix-amd64" />
			<Option target="release-gcc-unix-amd64" />
		</Unit>
		<Unit filename="src/arena.cpp" />
		<Unit filename="src/chunk.cpp" />
		<Unit filename="src/object.cpp" />
		<Unit filename="src/object_allocator.cpp" />
		<Unit filename="src/pool.cpp" />
		<Unit filename="src/win/heapallocator.cpp">
			<Option target="debug-win-gcc-x64" />
			<Option target="release-win-gcc-x64" />
		</Unit>
		<Extensions>
			<code_completion />
			<envvars />
			<debugger />
			<lib_finder disable_auto="1" />
		</Extensions>
	</Project>
</CodeBlocks_project_file>
